
Microsoft Visual Studio Solution File, Format Version 12.00
# Visual Studio Version 16
VisualStudioVersion = 16.0.29509.3
MinimumVisualStudioVersion = 10.0.40219.1
Project("{FAE04EC0-301F-11D3-BF4B-00C04F79EFBC}") = "Blog_project", "Blog_project\Blog_project.csproj", "{B761039D-429B-403F-B7F6-1555F1068D2C}"
EndProject
Project("{FAE04EC0-301F-11D3-BF4B-00C04F79EFBC}") = "Blog_my_host", "Blog_my_host\Blog_my_host.csproj", "{27EB866B-1F76-4FFB-B266-50E8075B69D2}"
EndProject
Global
	GlobalSection(SolutionConfigurationPlatforms) = preSolution
		Debug|Any CPU = Debug|Any CPU
		Release|Any CPU = Release|Any CPU
	EndGlobalSection
	GlobalSection(ProjectConfigurationPlatforms) = postSolution
		{B761039D-429B-403F-B7F6-1555F1068D2C}.Debug|Any CPU.ActiveCfg = Debug|Any CPU
		{B761039D-429B-403F-B7F6-1555F1068D2C}.Debug|Any CPU.Build.0 = Debug|Any CPU
		{B761039D-429B-403F-B7F6-1555F1068D2C}.Release|Any CPU.ActiveCfg = Release|Any CPU
		{B761039D-429B-403F-B7F6-1555F1068D2C}.Release|Any CPU.Build.0 = Release|Any CPU
		{27EB866B-1F76-4FFB-B266-50E8075B69D2}.Debug|Any CPU.ActiveCfg = Debug|Any CPU
		{27EB866B-1F76-4FFB-B266-50E8075B69D2}.Debug|Any CPU.Build.0 = Debug|Any CPU
		{27EB866B-1F76-4FFB-B266-50E8075B69D2}.Release|Any CPU.ActiveCfg = Release|Any CPU
		{27EB866B-1F76-4FFB-B266-50E8075B69D2}.Release|Any CPU.Build.0 = Release|Any CPU
	EndGlobalSection
	GlobalSection(SolutionProperties) = preSolution
		HideSolutionNode = FALSE
	EndGlobalSection
	GlobalSection(ExtensibilityGlobals) = postSolution
		SolutionGuid = {62B2937B-B47C-497B-BDF0-FEB3DABA685F}
	EndGlobalSection
EndGlobal
